<?xml version="1.0" encoding="utf-8"?>
<Project ToolsVersion="14.0" xmlns="http://schemas.microsoft.com/developer/msbuild/2003">
  <ItemGroup>
    <Filter Include="Resource Files">
      <UniqueIdentifier>{67DA6AB6-F800-4c08-8B7A-83BB121AAD01}</UniqueIdentifier>
      <Extensions>rc;ico;cur;bmp;dlg;rc2;rct;bin;rgs;gif;jpg;jpeg;jpe;resx;tga;tiff;tif;png;wav;mfcribbon-ms</Extensions>
    </Filter>
    <Filter Include="LocatableCamera">
      <UniqueIdentifier>{9b36e254-eee8-44da-adb8-2369e74c3a21}</UniqueIdentifier>
    </Filter>
    <Filter Include="SpatialMapping">
      <UniqueIdentifier>{f6210898-9494-4818-bdc6-9089328be6ff}</UniqueIdentifier>
    </Filter>
    <Filter Include="RayCast">
      <UniqueIdentifier>{48d40d60-98d3-4fa0-af55-24ef64e5a292}</UniqueIdentifier>
    </Filter>
  </ItemGroup>
  <ItemGroup>
    <ClCompile Include="Logger.cpp" />
    <ClCompile Include="Utility.cpp" />
    <ClCompile Include="LocatableCamera\LocatableCameraModule.cpp">
      <Filter>LocatableCamera</Filter>
    </ClCompile>
    <ClCompile Include="LocatableCamera\LocatableCameraFrame.cpp">
      <Filter>LocatableCamera</Filter>
    </ClCompile>
    <ClCompile Include="HoloLensCppModulesPch.cpp" />
    <ClCompile Include="SpatialMapping\SpatialMappingFrame.cpp">
      <Filter>SpatialMapping</Filter>
    </ClCompile>
    <ClCompile Include="SpatialMapping\SpatialMappingFrameEntry.cpp">
      <Filter>SpatialMapping</Filter>
    </ClCompile>
    <ClCompile Include="SpatialMapping\SpatialMappingModule.cpp">
      <Filter>SpatialMapping</Filter>
    </ClCompile>
    <ClCompile Include="RayCast\RayCaster.cpp">
      <Filter>RayCast</Filter>
    </ClCompile>
    <ClCompile Include="RayCast\RayCastResult.cpp">
      <Filter>RayCast</Filter>
    </ClCompile>
  </ItemGroup>
  <ItemGroup>
    <ClInclude Include="targetver.h" />
    <ClInclude Include="Logger.h" />
    <ClInclude Include="Utility.h" />
    <ClInclude Include="LocatableCamera\LocatableCameraModule.h">
      <Filter>LocatableCamera</Filter>
    </ClInclude>
    <ClInclude Include="LocatableCamera\LocatableCameraFrame.h">
      <Filter>LocatableCamera</Filter>
    </ClInclude>
    <ClInclude Include="HoloLensCppModulesPch.h" />
    <ClInclude Include="SpatialMapping\SpatialMappingFrame.h">
      <Filter>SpatialMapping</Filter>
    </ClInclude>
    <ClInclude Include="SpatialMapping\SpatialMappingFrameEntry.h">
      <Filter>SpatialMapping</Filter>
    </ClInclude>
    <ClInclude Include="SpatialMapping\SpatialMappingModule.h">
      <Filter>SpatialMapping</Filter>
    </ClInclude>
    <ClInclude Include="RayCast\RayCaster.h">
      <Filter>RayCast</Filter>
    </ClInclude>
    <ClInclude Include="RayCast\RayCastResult.h">
      <Filter>RayCast</Filter>
    </ClInclude>
  </ItemGroup>
  <ItemGroup>
    <None Include="packages.config" />
  </ItemGroup>
</Project>